[[package]]
name = "attrs"
version = "22.1.0"
description = "Classes Without Boilerplate"
category = "main"
optional = false
python-versions = ">=3.5"

[package.extras]
dev = ["coverage[toml] (>=5.0.2)", "hypothesis", "pympler", "pytest (>=4.3.0)", "mypy (>=0.900,!=0.940)", "pytest-mypy-plugins", "zope.interface", "furo", "sphinx", "sphinx-notfound-page", "pre-commit", "cloudpickle"]
docs = ["furo", "sphinx", "zope.interface", "sphinx-notfound-page"]
tests = ["coverage[toml] (>=5.0.2)", "hypothesis", "pympler", "pytest (>=4.3.0)", "mypy (>=0.900,!=0.940)", "pytest-mypy-plugins", "zope.interface", "cloudpickle"]
tests_no_zope = ["coverage[toml] (>=5.0.2)", "hypothesis", "pympler", "pytest (>=4.3.0)", "mypy (>=0.900,!=0.940)", "pytest-mypy-plugins", "cloudpickle"]

[[package]]
name = "aws-cdk-lib"
version = "2.45.0"
description = "Version 2 of the AWS Cloud Development Kit library"
category = "main"
optional = false
python-versions = "~=3.7"

[package.dependencies]
constructs = ">=10.0.0,<11.0.0"
jsii = ">=1.68.0,<2.0.0"
publication = ">=0.0.3"
typeguard = ">=2.13.3,<2.14.0"

[[package]]
name = "boto3"
version = "1.24.88"
description = "The AWS SDK for Python"
category = "dev"
optional = false
python-versions = ">= 3.7"

[package.dependencies]
botocore = ">=1.27.88,<1.28.0"
jmespath = ">=0.7.1,<2.0.0"
s3transfer = ">=0.6.0,<0.7.0"

[package.extras]
crt = ["botocore[crt] (>=1.21.0,<2.0a0)"]

[[package]]
name = "botocore"
version = "1.27.88"
description = "Low-level, data-driven core of boto 3."
category = "dev"
optional = false
python-versions = ">= 3.7"

[package.dependencies]
jmespath = ">=0.7.1,<2.0.0"
python-dateutil = ">=2.1,<3.0.0"
urllib3 = ">=1.25.4,<1.27"

[package.extras]
crt = ["awscrt (==0.14.0)"]

[[package]]
name = "cattrs"
version = "22.1.0"
description = "Composable complex class support for attrs and dataclasses."
category = "main"
optional = false
python-versions = ">=3.7,<4.0"

[package.dependencies]
attrs = ">=20"
exceptiongroup = {version = "*", markers = "python_version <= \"3.10\""}

[[package]]
name = "cdk-aws-lambda-powertools-layer"
version = "3.1.0"
description = "A lambda layer for AWS Powertools for python and typescript"
category = "main"
optional = false
python-versions = "~=3.7"

[package.dependencies]
aws-cdk-lib = ">=2.44.0,<3.0.0"
constructs = ">=10.0.5,<11.0.0"
jsii = ">=1.69.0,<2.0.0"
publication = ">=0.0.3"
typeguard = ">=2.13.3,<2.14.0"

[[package]]
name = "colorama"
version = "0.4.5"
description = "Cross-platform colored terminal text."
category = "dev"
optional = false
python-versions = ">=2.7, !=3.0.*, !=3.1.*, !=3.2.*, !=3.3.*, !=3.4.*"

[[package]]
name = "constructs"
version = "10.1.124"
description = "A programming model for software-defined state"
category = "main"
optional = false
python-versions = "~=3.7"

[package.dependencies]
jsii = ">=1.69.0,<2.0.0"
publication = ">=0.0.3"
typeguard = ">=2.13.3,<2.14.0"

[[package]]
name = "exceptiongroup"
version = "1.0.0rc9"
description = "Backport of PEP 654 (exception groups)"
category = "main"
optional = false
python-versions = ">=3.7"

[package.extras]
test = ["pytest (>=6)"]

[[package]]
name = "iniconfig"
version = "1.1.1"
description = "iniconfig: brain-dead simple config-ini parsing"
category = "dev"
optional = false
python-versions = "*"

[[package]]
name = "jmespath"
version = "1.0.1"
description = "JSON Matching Expressions"
category = "dev"
optional = false
python-versions = ">=3.7"

[[package]]
name = "jsii"
version = "1.69.0"
description = "Python client for jsii runtime"
category = "main"
optional = false
python-versions = "~=3.7"

[package.dependencies]
attrs = ">=21.2,<23.0"
cattrs = ">=1.8,<22.2"
publication = ">=0.0.3"
python-dateutil = "*"
typeguard = ">=2.13.3,<2.14.0"
typing-extensions = ">=3.7,<5.0"

[[package]]
name = "packaging"
version = "21.3"
description = "Core utilities for Python packages"
category = "dev"
optional = false
python-versions = ">=3.6"

[package.dependencies]
pyparsing = ">=2.0.2,<3.0.5 || >3.0.5"

[[package]]
name = "pluggy"
version = "1.0.0"
description = "plugin and hook calling mechanisms for python"
category = "dev"
optional = false
python-versions = ">=3.6"

[package.extras]
testing = ["pytest-benchmark", "pytest"]
dev = ["tox", "pre-commit"]

[[package]]
name = "publication"
version = "0.0.3"
description = "Publication helps you maintain public-api-friendly modules by preventing unintentional access to private implementation details via introspection."
category = "main"
optional = false
python-versions = "*"

[[package]]
name = "py"
version = "1.11.0"
description = "library with cross-python path, ini-parsing, io, code, log facilities"
category = "dev"
optional = false
python-versions = ">=2.7, !=3.0.*, !=3.1.*, !=3.2.*, !=3.3.*, !=3.4.*"

[[package]]
name = "pyparsing"
version = "3.0.9"
description = "pyparsing module - Classes and methods to define and execute parsing grammars"
category = "dev"
optional = false
python-versions = ">=3.6.8"

[package.extras]
diagrams = ["railroad-diagrams", "jinja2"]

[[package]]
name = "pytest"
version = "7.1.3"
description = "pytest: simple powerful testing with Python"
category = "dev"
optional = false
python-versions = ">=3.7"

[package.dependencies]
attrs = ">=19.2.0"
colorama = {version = "*", markers = "sys_platform == \"win32\""}
iniconfig = "*"
packaging = "*"
pluggy = ">=0.12,<2.0"
py = ">=1.8.2"
tomli = ">=1.0.0"

[package.extras]
testing = ["argcomplete", "hypothesis (>=3.56)", "mock", "nose", "pygments (>=2.7.2)", "requests", "xmlschema"]

[[package]]
name = "python-dateutil"
version = "2.8.2"
description = "Extensions to the standard Python datetime module"
category = "main"
optional = false
python-versions = "!=3.0.*,!=3.1.*,!=3.2.*,>=2.7"

[package.dependencies]
six = ">=1.5"

[[package]]
name = "s3transfer"
version = "0.6.0"
description = "An Amazon S3 Transfer Manager"
category = "dev"
optional = false
python-versions = ">= 3.7"

[package.dependencies]
botocore = ">=1.12.36,<2.0a.0"

[package.extras]
crt = ["botocore[crt] (>=1.20.29,<2.0a.0)"]

[[package]]
name = "six"
version = "1.16.0"
description = "Python 2 and 3 compatibility utilities"
category = "main"
optional = false
python-versions = ">=2.7, !=3.0.*, !=3.1.*, !=3.2.*"

[[package]]
name = "tomli"
version = "2.0.1"
description = "A lil' TOML parser"
category = "dev"
optional = false
python-versions = ">=3.7"

[[package]]
name = "typeguard"
version = "2.13.3"
description = "Run-time type checker for Python"
category = "main"
optional = false
python-versions = ">=3.5.3"

[package.extras]
test = ["mypy", "typing-extensions", "pytest"]
doc = ["sphinx-autodoc-typehints (>=1.2.0)", "sphinx-rtd-theme"]

[[package]]
name = "typing-extensions"
version = "4.4.0"
description = "Backported and Experimental Type Hints for Python 3.7+"
category = "main"
optional = false
python-versions = ">=3.7"

[[package]]
name = "urllib3"
version = "1.26.12"
description = "HTTP library with thread-safe connection pooling, file post, and more."
category = "dev"
optional = false
python-versions = ">=2.7, !=3.0.*, !=3.1.*, !=3.2.*, !=3.3.*, !=3.4.*, !=3.5.*, <4"

[package.extras]
brotli = ["brotlicffi (>=0.8.0)", "brotli (>=1.0.9)", "brotlipy (>=0.6.0)"]
secure = ["pyOpenSSL (>=0.14)", "cryptography (>=1.3.4)", "idna (>=2.0.0)", "certifi", "urllib3-secure-extra", "ipaddress"]
socks = ["PySocks (>=1.5.6,!=1.5.7,<2.0)"]

[metadata]
lock-version = "1.1"
python-versions = "^3.9"
content-hash = "cceb24edf99719274b946c811ad41ebbbdc0181593d4f07555c0977767cdd19a"

[metadata.files]
attrs = [
    {file = "attrs-22.1.0-py2.py3-none-any.whl", hash = "sha256:86efa402f67bf2df34f51a335487cf46b1ec130d02b8d39fd248abfd30da551c"},
    {file = "attrs-22.1.0.tar.gz", hash = "sha256:29adc2665447e5191d0e7c568fde78b21f9672d344281d0c6e1ab085429b22b6"},
]
aws-cdk-lib = [
    {file = "aws-cdk-lib-2.45.0.tar.gz", hash = "sha256:ed4166498205a6507666a9fdb69f5dbeffa11cd69bf7e98b279ec305e4970374"},
    {file = "aws_cdk_lib-2.45.0-py3-none-any.whl", hash = "sha256:9463fe6d84563c4c23ae96810be0ea0ff0a260eebb85a4a7afe0c3747eca18a8"},
]
boto3 = [
    {file = "boto3-1.24.88-py3-none-any.whl", hash = "sha256:6b4cf1cd0be65202c4cf0e4c69099bac3620bcd4049ca25a5e223c668401dd69"},
    {file = "boto3-1.24.88.tar.gz", hash = "sha256:93934343cac76084600a520e5be70c52152364d0c410681c2e25c2290f0e151c"},
]
botocore = [
    {file = "botocore-1.27.88-py3-none-any.whl", hash = "sha256:de4e087b24cd3bc369eb2e27f8fe94a6499f7dea08c919fba13cefb2496bd2bb"},
    {file = "botocore-1.27.88.tar.gz", hash = "sha256:ded0a4035baf91eb358ef501c92a8512543f5ab7658f459df3077a70a555b5cd"},
]
cattrs = []
cdk-aws-lambda-powertools-layer = [
    {file = "cdk-aws-lambda-powertools-layer-3.1.0.tar.gz", hash = "sha256:1e1457edbebfbb62ab2d21ae0f9b991db1b6c8508730fab8c99c3a7d3dfd99cb"},
    {file = "cdk_aws_lambda_powertools_layer-3.1.0-py3-none-any.whl", hash = "sha256:c66cc722c924a50458418600df4060a1396e134df25b3cc85de59d5914541b31"},
]
colorama = []
constructs = [
    {file = "constructs-10.1.124-py3-none-any.whl", hash = "sha256:76ef2e6776cfdd1c4131a18b0e83c1b154d462b3ebb37ddbeaf3043b3b0de301"},
    {file = "constructs-10.1.124.tar.gz", hash = "sha256:5e4bfcca275867e5cfb4636ef65ed334c861a816f287ce1136f082ad0e0c1c2c"},
]
exceptiongroup = [
    {file = "exceptiongroup-1.0.0rc9-py3-none-any.whl", hash = "sha256:2e3c3fc1538a094aab74fad52d6c33fc94de3dfee3ee01f187c0e0c72aec5337"},
    {file = "exceptiongroup-1.0.0rc9.tar.gz", hash = "sha256:9086a4a21ef9b31c72181c77c040a074ba0889ee56a7b289ff0afb0d97655f96"},
]
iniconfig = []
jmespath = [
    {file = "jmespath-1.0.1-py3-none-any.whl", hash = "sha256:02e2e4cc71b5bcab88332eebf907519190dd9e6e82107fa7f83b1003a6252980"},
    {file = "jmespath-1.0.1.tar.gz", hash = "sha256:90261b206d6defd58fdd5e85f478bf633a2901798906be2ad389150c5c60edbe"},
]
jsii = [
    {file = "jsii-1.69.0-py3-none-any.whl", hash = "sha256:f3ae5cdf5e854b4d59256dc1f8818cd3fabb8eb43fbd3134a8e8aef962643005"},
    {file = "jsii-1.69.0.tar.gz", hash = "sha256:7c7ed2a913372add17d63322a640c6435324770eb78c6b89e4c701e07d9c84db"},
]
packaging = []
pluggy = []
publication = []
py = []
pyparsing = []
pytest = [
    {file = "pytest-7.1.3-py3-none-any.whl", hash = "sha256:1377bda3466d70b55e3f5cecfa55bb7cfcf219c7964629b967c37cf0bda818b7"},
    {file = "pytest-7.1.3.tar.gz", hash = "sha256:4f365fec2dff9c1162f834d9f18af1ba13062db0c708bf7b946f8a5c76180c39"},
]
python-dateutil = []
s3transfer = [
    {file = "s3transfer-0.6.0-py3-none-any.whl", hash = "sha256:06176b74f3a15f61f1b4f25a1fc29a4429040b7647133a463da8fa5bd28d5ecd"},
    {file = "s3transfer-0.6.0.tar.gz", hash = "sha256:2ed07d3866f523cc561bf4a00fc5535827981b117dd7876f036b0c1aca42c947"},
]
six = [
    {file = "six-1.16.0-py2.py3-none-any.whl", hash = "sha256:8abb2f1d86890a2dfb989f9a77cfcfd3e47c2a354b01111771326f8aa26e0254"},
    {file = "six-1.16.0.tar.gz", hash = "sha256:1e61c37477a1626458e36f7b1d82aa5c9b094fa4802892072e49de9c60c4c926"},
]
tomli = [
    {file = "tomli-2.0.1-py3-none-any.whl", hash = "sha256:939de3e7a6161af0c887ef91b7d41a53e7c5a1ca976325f429cb46ea9bc30ecc"},
    {file = "tomli-2.0.1.tar.gz", hash = "sha256:de526c12914f0c550d15924c62d72abc48d6fe7364aa87328337a31007fe8a4f"},
]
typeguard = [
    {file = "typeguard-2.13.3-py3-none-any.whl", hash = "sha256:5e3e3be01e887e7eafae5af63d1f36c849aaa94e3a0112097312aabfa16284f1"},
    {file = "typeguard-2.13.3.tar.gz", hash = "sha256:00edaa8da3a133674796cf5ea87d9f4b4c367d77476e185e80251cc13dfbb8c4"},
]
typing-extensions = [
    {file = "typing_extensions-4.4.0-py3-none-any.whl", hash = "sha256:16fa4864408f655d35ec496218b85f79b3437c829e93320c7c9215ccfd92489e"},
    {file = "typing_extensions-4.4.0.tar.gz", hash = "sha256:1511434bb92bf8dd198c12b1cc812e800d4181cfcb867674e0f8279cc93087aa"},
]
urllib3 = [
    {file = "urllib3-1.26.12-py2.py3-none-any.whl", hash = "sha256:b930dd878d5a8afb066a637fbb35144fe7901e3b209d1cd4f524bd0e9deee997"},
    {file = "urllib3-1.26.12.tar.gz", hash = "sha256:3fa96cf423e6987997fc326ae8df396db2a8b7c667747d47ddd8ecba91f4a74e"},
]
