github.com/aws/aws-sdk-go-v2 v1.28.0 h1:ne6ftNhY0lUvlazMUQF15FF6NH80wKmPRFG7g2q6TCw=
github.com/aws/aws-sdk-go-v2 v1.28.0/go.mod h1:ffIFB97e2yNsv4aTSGkqtHnppsIJzw7G7BReUZ3jCXM=
github.com/aws/aws-sdk-go-v2/aws/protocol/eventstream v1.6.2 h1:x6xsQXGSmW6frevwDA+vi/wqhp1ct18mVXYN08/93to=
github.com/aws/aws-sdk-go-v2/aws/protocol/eventstream v1.6.2/go.mod h1:lPprDr1e6cJdyYeGXnRaJoP4Md+cDBvi2eOj00BlGmg=
github.com/aws/aws-sdk-go-v2/config v1.27.19 h1:+DBS8gJP6VsxYkZ6UEV0/VsRM2rYpbQCYsosW9RRmeQ=
github.com/aws/aws-sdk-go-v2/config v1.27.19/go.mod h1:KzZcioJWzy9oV+oS5CobYXlDtU9+eW7bPG1g7gizTW4=
github.com/aws/aws-sdk-go-v2/credentials v1.17.19 h1:R18G7nBBGLby51CFEqUBFF2IVl7LUdCtYj6iosUwh/0=
github.com/aws/aws-sdk-go-v2/credentials v1.17.19/go.mod h1:xr9kUMnaLTB866HItT6pg58JgiBP77fSQLBwIa//zk8=
github.com/aws/aws-sdk-go-v2/feature/ec2/imds v1.16.6 h1:vVOuhRyslJ6T/HteG71ZWCTas1q2w6f0NKsNbkXHs/A=
github.com/aws/aws-sdk-go-v2/feature/ec2/imds v1.16.6/go.mod h1:jimWaqLiT0sJGLh51dKCLLtExRYPtMU7MpxuCgtbkxg=
github.com/aws/aws-sdk-go-v2/internal/configsources v1.3.10 h1:LZIUb8sQG2cb89QaVFtMSnER10gyKkqU1k3hP3g9das=
github.com/aws/aws-sdk-go-v2/internal/configsources v1.3.10/go.mod h1:BRIqay//vnIOCZjoXWSLffL2uzbtxEmnSlfbvVh7Z/4=
github.com/aws/aws-sdk-go-v2/internal/endpoints/v2 v2.6.10 h1:HY7CXLA0GiQUo3WYxOP7WYkLcwvRX4cLPf5joUcrQGk=
github.com/aws/aws-sdk-go-v2/internal/endpoints/v2 v2.6.10/go.mod h1:kfRBSxRa+I+VyON7el3wLZdrO91oxUxEwdAaWgFqN90=
github.com/aws/aws-sdk-go-v2/internal/ini v1.8.0 h1:hT8rVHwugYE2lEfdFE0QWVo81lF7jMrYJVDWI+f+VxU=
github.com/aws/aws-sdk-go-v2/internal/ini v1.8.0/go.mod h1:8tu/lYfQfFe6IGnaOdrpVgEL2IrrDOf6/m9RQum4NkY=
github.com/aws/aws-sdk-go-v2/service/internal/accept-encoding v1.11.2 h1:Ji0DY1xUsUr3I8cHps0G+XM3WWU16lP6yG8qu1GAZAs=
github.com/aws/aws-sdk-go-v2/service/internal/accept-encoding v1.11.2/go.mod h1:5CsjAbs3NlGQyZNFACh+zztPDI7fU6eW9QsxjfnuBKg=
github.com/aws/aws-sdk-go-v2/service/internal/presigned-url v1.11.12 h1:kO2J7WMroF/OTHN9WTcUtMjPhJ7ZoNxx0dwv6UCXQgY=
github.com/aws/aws-sdk-go-v2/service/internal/presigned-url v1.11.12/go.mod h1:mrNxrjYvXaSjZe5fkKaWgDnOQ6BExLn/7Ru9OpRsMPY=
github.com/aws/aws-sdk-go-v2/service/lambda v1.54.7 h1:Rr4YGZLMHz4GqQRc4Bu1YNvvdYHVSUOvjst4UcXFqTU=
github.com/aws/aws-sdk-go-v2/service/lambda v1.54.7/go.mod h1:kYcUu4I4LBJ+fdJpPOcbQcrcbh3aPk7Ljr6rpm9b5FY=
github.com/aws/aws-sdk-go-v2/service/sso v1.20.12 h1:FsYii6U+2k8ynYBo+pywlCBY9HNAFRh+iICRHbn+Qyw=
github.com/aws/aws-sdk-go-v2/service/sso v1.20.12/go.mod h1:j9Rps+Lcs2A0tYypWsNBeJOjgsIYUf1Styppo9Es0Wo=
github.com/aws/aws-sdk-go-v2/service/ssooidc v1.24.6 h1:lEE+xEcq3lh9bk362tgErP1+n689q5ERdmTwmF1XT3M=
github.com/aws/aws-sdk-go-v2/service/ssooidc v1.24.6/go.mod h1:2tR0x1DCL5IgnVZ1NQNFDNg5/XL/kiQgWI5l7I/N5Js=
github.com/aws/aws-sdk-go-v2/service/sts v1.28.13 h1:TSzmuUeruVJ4XWYp3bYzKCXue70ECpJWmbP3UfEvhYY=
github.com/aws/aws-sdk-go-v2/service/sts v1.28.13/go.mod h1:FppRtFjBA9mSWTj2cIAWCP66+bbBPMuPpBfWRXC5Yi0=
github.com/aws/smithy-go v1.20.2 h1:tbp628ireGtzcHDDmLT/6ADHidqnwgF57XOXZe6tp4Q=
github.com/aws/smithy-go v1.20.2/go.mod h1:krry+ya/rV9RDcV/Q16kpu6ypI4K2czasz0NC3qS14E=
github.com/davecgh/go-spew v1.1.0 h1:ZDRjVQ15GmhC3fiQ8ni8+OwkZQO4DARzQgrnXU1Liz8=
github.com/davecgh/go-spew v1.1.0/go.mod h1:J7Y8YcW2NihsgmVo/mv3lAwl/skON4iLHjSsI+c5H38=
github.com/jmespath/go-jmespath v0.4.0 h1:BEgLn5cpjn8UN1mAw4NjwDrS35OdebyEtFe+9YPoQUg=
github.com/jmespath/go-jmespath v0.4.0/go.mod h1:T8mJZnbsbmF+m6zOOFylbeCJqk5+pHWvzYPziyZiYoo=
github.com/jmespath/go-jmespath/internal/testify v1.5.1 h1:shLQSRRSCCPj3f2gpwzGwWFoC7ycTf1rcQZHOlsJ6N8=
github.com/jmespath/go-jmespath/internal/testify v1.5.1/go.mod h1:L3OGu8Wl2/fWfCI6z80xFu9LTZmf1ZRjMHUOPmWr69U=
github.com/pmezard/go-difflib v1.0.0 h1:4DBwDE0NGyQoBHbLQYPwSUPoCMWR5BEzIk/f1lZbAQM=
github.com/pmezard/go-difflib v1.0.0/go.mod h1:iKH77koFhYxTK1pcRnkKkqfTogsbg7gZNVY4sRDYZ/4=
github.com/stretchr/objx v0.1.0/go.mod h1:HFkY916IF+rwdDfMAkV7OtwuqBVzrE8GR6GFx+wExME=
golang.org/x/exp v0.0.0-20230321023759-10a507213a29 h1:ooxPy7fPvB4kwsA2h+iBNHkAbp/4JxTSwCmvdjEYmug=
golang.org/x/exp v0.0.0-20230321023759-10a507213a29/go.mod h1:CxIveKay+FTh1D0yPZemJVgC/95VzuuOLq5Qi4xnoYc=
golang.org/x/sync v0.7.0 h1:YsImfSBoP9QPYL0xyKJPq0gcaJdG3rInoqxTWbfQu9M=
golang.org/x/sync v0.7.0/go.mod h1:Czt+wKu1gCyEFDUtn0jG5QVvpJ6rzVqr5aXyt9drQfk=
gopkg.in/check.v1 v0.0.0-20161208181325-20d25e280405/go.mod h1:Co6ibVJAznAaIkqp8huTwlJQCZ016jof/cbN4VW5Yz0=
gopkg.in/yaml.v2 v2.2.8 h1:obN1ZagJSUGI0Ek/LBmuj4SNLPfIny3KsKFopxRdj10=
gopkg.in/yaml.v2 v2.2.8/go.mod h1:hI93XBmqTisBFMUTm0b8Fm+jr3Dg1NNxqwp+5A1VGuI=
