github.com/aws/aws-sdk-go-v2 v1.30.2 h1:4xL6l0M1fbGWqRqfm5xXsnPkzzvtR4nEUDOZNjTuTvc=
github.com/aws/aws-sdk-go-v2 v1.30.2/go.mod h1:ElN9h07Hy7l2xZounYhqIv1TxPy+31GGr4sEEZlOfDc=
github.com/aws/aws-sdk-go-v2/aws/protocol/eventstream v1.6.3 h1:tW1/Rkad38LA15X4UQtjXZXNKsCgkshC3EbmcUmghTg=
github.com/aws/aws-sdk-go-v2/aws/protocol/eventstream v1.6.3/go.mod h1:UbnqO+zjqk3uIt9yCACHJ9IVNhyhOCnYk8yA19SAWrM=
github.com/aws/aws-sdk-go-v2/config v1.27.25 h1:SmIsUvwcz1AgvRszLMEazqtynjIqYx7PKWXvTpKEaJc=
github.com/aws/aws-sdk-go-v2/config v1.27.25/go.mod h1:MO0vtISERCZZTKbxTNEKQ/2R7X7ddHMX5WkdfRh74nU=
github.com/aws/aws-sdk-go-v2/credentials v1.17.25 h1:lnZq41/zNeKX42fYZEgZ21tp+2H3wD9dRvKHVQoQVoA=
github.com/aws/aws-sdk-go-v2/credentials v1.17.25/go.mod h1:nusEt4GmUeIRun/DSygR+SNo4ZDPwSazRLHB/JL+ZXI=
github.com/aws/aws-sdk-go-v2/feature/ec2/imds v1.16.10 h1:HHTpwyMcGI+ueBc1zYc8vNDrcuyShOGVomgqv+MiPUY=
github.com/aws/aws-sdk-go-v2/feature/ec2/imds v1.16.10/go.mod h1:ynaPKdMFUPJWGq2ilDQqFQVyBF7LPTu131QL6rE+Dmk=
github.com/aws/aws-sdk-go-v2/internal/configsources v1.3.14 h1:VQaovRAzif3gv8A/PpTHHiuIxlvAyDwBQNgiiZ+uXnA=
github.com/aws/aws-sdk-go-v2/internal/configsources v1.3.14/go.mod h1:fVGBeMoBKNCjcVPPmxDq7mDqK66IdsNNAWCuNYQE65g=
github.com/aws/aws-sdk-go-v2/internal/endpoints/v2 v2.6.14 h1:H3mJaGAsqZZvPm+n0u3yABuO4MjXqAp/cxceVByPKaM=
github.com/aws/aws-sdk-go-v2/internal/endpoints/v2 v2.6.14/go.mod h1:llg6cnW4R8iWCCUS+Q5oOWQTkVHpTJY93TkOX3eKNxg=
github.com/aws/aws-sdk-go-v2/internal/ini v1.8.0 h1:hT8rVHwugYE2lEfdFE0QWVo81lF7jMrYJVDWI+f+VxU=
github.com/aws/aws-sdk-go-v2/internal/ini v1.8.0/go.mod h1:8tu/lYfQfFe6IGnaOdrpVgEL2IrrDOf6/m9RQum4NkY=
github.com/aws/aws-sdk-go-v2/service/internal/accept-encoding v1.11.3 h1:dT3MqvGhSoaIhRseqw2I0yH81l7wiR2vjs57O51EAm8=
github.com/aws/aws-sdk-go-v2/service/internal/accept-encoding v1.11.3/go.mod h1:GlAeCkHwugxdHaueRr4nhPuY+WW+gR8UjlcqzPr1SPI=
github.com/aws/aws-sdk-go-v2/service/internal/presigned-url v1.11.16 h1:QX1NdlZt2GmEAi76bYp0X1SSCOWz9twCzm+uffc4EkU=
github.com/aws/aws-sdk-go-v2/service/internal/presigned-url v1.11.16/go.mod h1:VW61XQxhMsEQi1JVKl8tSPDZ6AuBhVjEwFJlU85DaIs=
github.com/aws/aws-sdk-go-v2/service/lambda v1.56.2 h1:PNNyvM6PwCfn98+LJJWlKTsUcvGvX/saIXIBdDvlgqg=
github.com/aws/aws-sdk-go-v2/service/lambda v1.56.2/go.mod h1:L/l6dG7bG+iZQriop5Zmwd2waxzq9r3ykVr08+efWBg=
github.com/aws/aws-sdk-go-v2/service/sso v1.22.2 h1:z6ybwREfmhRqn5iIUMrmqoqOpp4zrTriKsq1x5oHSQw=
github.com/aws/aws-sdk-go-v2/service/sso v1.22.2/go.mod h1:+MgTXxlIwb3HsMEFB9bkNDLDh3eo2f6vXY9X9D6DTCM=
github.com/aws/aws-sdk-go-v2/service/ssooidc v1.26.3 h1:Yh29Mmg27xR8vMxibWF9JWrI4L5Go5zxOtdk7PzcrqM=
github.com/aws/aws-sdk-go-v2/service/ssooidc v1.26.3/go.mod h1:yJ6Iqas4iFzb83n+pPw5dABjwKj1DEf19qWGEKXICao=
github.com/aws/aws-sdk-go-v2/service/sts v1.30.2 h1:CbmNoc0P72e9zwBLJBvBDb3vKJXKNehcfNmkRjAkts8=
github.com/aws/aws-sdk-go-v2/service/sts v1.30.2/go.mod h1:2ocYJoYQZN8ad4+E8ut5xE9J2ld9wrMvmpADRYw4rs4=
github.com/aws/smithy-go v1.20.3 h1:ryHwveWzPV5BIof6fyDvor6V3iUL7nTfiTKXHiW05nE=
github.com/aws/smithy-go v1.20.3/go.mod h1:krry+ya/rV9RDcV/Q16kpu6ypI4K2czasz0NC3qS14E=
github.com/davecgh/go-spew v1.1.0 h1:ZDRjVQ15GmhC3fiQ8ni8+OwkZQO4DARzQgrnXU1Liz8=
github.com/davecgh/go-spew v1.1.0/go.mod h1:J7Y8YcW2NihsgmVo/mv3lAwl/skON4iLHjSsI+c5H38=
github.com/jmespath/go-jmespath v0.4.0 h1:BEgLn5cpjn8UN1mAw4NjwDrS35OdebyEtFe+9YPoQUg=
github.com/jmespath/go-jmespath v0.4.0/go.mod h1:T8mJZnbsbmF+m6zOOFylbeCJqk5+pHWvzYPziyZiYoo=
github.com/jmespath/go-jmespath/internal/testify v1.5.1 h1:shLQSRRSCCPj3f2gpwzGwWFoC7ycTf1rcQZHOlsJ6N8=
github.com/jmespath/go-jmespath/internal/testify v1.5.1/go.mod h1:L3OGu8Wl2/fWfCI6z80xFu9LTZmf1ZRjMHUOPmWr69U=
github.com/pmezard/go-difflib v1.0.0 h1:4DBwDE0NGyQoBHbLQYPwSUPoCMWR5BEzIk/f1lZbAQM=
github.com/pmezard/go-difflib v1.0.0/go.mod h1:iKH77koFhYxTK1pcRnkKkqfTogsbg7gZNVY4sRDYZ/4=
github.com/stretchr/objx v0.1.0/go.mod h1:HFkY916IF+rwdDfMAkV7OtwuqBVzrE8GR6GFx+wExME=
golang.org/x/exp v0.0.0-20230321023759-10a507213a29 h1:ooxPy7fPvB4kwsA2h+iBNHkAbp/4JxTSwCmvdjEYmug=
golang.org/x/exp v0.0.0-20230321023759-10a507213a29/go.mod h1:CxIveKay+FTh1D0yPZemJVgC/95VzuuOLq5Qi4xnoYc=
golang.org/x/sync v0.7.0 h1:YsImfSBoP9QPYL0xyKJPq0gcaJdG3rInoqxTWbfQu9M=
golang.org/x/sync v0.7.0/go.mod h1:Czt+wKu1gCyEFDUtn0jG5QVvpJ6rzVqr5aXyt9drQfk=
gopkg.in/check.v1 v0.0.0-20161208181325-20d25e280405/go.mod h1:Co6ibVJAznAaIkqp8huTwlJQCZ016jof/cbN4VW5Yz0=
gopkg.in/yaml.v2 v2.2.8 h1:obN1ZagJSUGI0Ek/LBmuj4SNLPfIny3KsKFopxRdj10=
gopkg.in/yaml.v2 v2.2.8/go.mod h1:hI93XBmqTisBFMUTm0b8Fm+jr3Dg1NNxqwp+5A1VGuI=
