{
  "name": "aws-lambda-powertools-python-e2e",
  "version": "1.0.0",
  "lockfileVersion": 3,
  "requires": true,
  "packages": {
    "": {
      "name": "aws-lambda-powertools-python-e2e",
      "version": "1.0.0",
      "devDependencies": {
        "aws-cdk": "^2.1029.1"
      }
    },
    "node_modules/aws-cdk": {
      "version": "2.1029.1",
      "resolved": "https://registry.npmjs.org/aws-cdk/-/aws-cdk-2.1029.1.tgz",
      "integrity": "sha512-etMnV7xwm1pBKOXl5zZKtNRt7ZIMocEe+GrZHVVp6oHsXqpPDi7iyPm7HR3CV1xe9yFjs3hZiHDebg+ONpccuw==",
      "dev": true,
      "license": "Apache-2.0",
      "bin": {
        "cdk": "bin/cdk"
      },
      "engines": {
        "node": ">= 18.0.0"
      },
      "optionalDependencies": {
        "fsevents": "2.3.2"
      }
    },
    "node_modules/fsevents": {
      "version": "2.3.2",
      "resolved": "https://registry.npmjs.org/fsevents/-/fsevents-2.3.2.tgz",
      "integrity": "sha512-xiqMQR4xAeHTuB9uWm+fFRcIOgKBMiOBP+eXiyT7jsgVCq1bkVygt00oASowB7EdtpOHaaPgKt812P9ab+DDKA==",
      "dev": true,
      "hasInstallScript": true,
      "optional": true,
      "os": [
        "darwin"
      ],
      "engines": {
        "node": "^8.16.0 || ^10.6.0 || >=11.0.0"
      }
    }
  }
}
