{
  "name": "aws-lambda-powertools-python-e2e",
  "version": "1.0.0",
  "lockfileVersion": 2,
  "requires": true,
  "packages": {
    "": {
      "name": "aws-lambda-powertools-python-e2e",
      "version": "1.0.0",
      "devDependencies": {
        "aws-cdk": "^2.78.0"
      }
    },
    "node_modules/aws-cdk": {
      "version": "2.78.0",
      "resolved": "https://registry.npmjs.org/aws-cdk/-/aws-cdk-2.78.0.tgz",
      "integrity": "sha512-fDqImTHefBjr8RYduO0bQRkINYJRGKdTXABeLsaMP6Ff4qDXTymaplyvUxNSB9DlQ+oXQ/aJgqFGiIJXSr+kpg==",
      "dev": true,
      "bin": {
        "cdk": "bin/cdk"
      },
      "engines": {
        "node": ">= 14.15.0"
      },
      "optionalDependencies": {
        "fsevents": "2.3.2"
      }
    },
    "node_modules/fsevents": {
      "version": "2.3.2",
      "resolved": "https://registry.npmjs.org/fsevents/-/fsevents-2.3.2.tgz",
      "integrity": "sha512-xiqMQR4xAeHTuB9uWm+fFRcIOgKBMiOBP+eXiyT7jsgVCq1bkVygt00oASowB7EdtpOHaaPgKt812P9ab+DDKA==",
      "dev": true,
      "hasInstallScript": true,
      "optional": true,
      "os": [
        "darwin"
      ],
      "engines": {
        "node": "^8.16.0 || ^10.6.0 || >=11.0.0"
      }
    }
  },
  "dependencies": {
    "aws-cdk": {
      "version": "2.78.0",
      "resolved": "https://registry.npmjs.org/aws-cdk/-/aws-cdk-2.78.0.tgz",
      "integrity": "sha512-fDqImTHefBjr8RYduO0bQRkINYJRGKdTXABeLsaMP6Ff4qDXTymaplyvUxNSB9DlQ+oXQ/aJgqFGiIJXSr+kpg==",
      "dev": true,
      "requires": {
        "fsevents": "2.3.2"
      }
    },
    "fsevents": {
      "version": "2.3.2",
      "resolved": "https://registry.npmjs.org/fsevents/-/fsevents-2.3.2.tgz",
      "integrity": "sha512-xiqMQR4xAeHTuB9uWm+fFRcIOgKBMiOBP+eXiyT7jsgVCq1bkVygt00oASowB7EdtpOHaaPgKt812P9ab+DDKA==",
      "dev": true,
      "optional": true
    }
  }
}
