{
  "name": "aws-lambda-powertools-python-e2e",
  "version": "1.0.0",
  "lockfileVersion": 2,
  "requires": true,
  "packages": {
    "": {
      "name": "aws-lambda-powertools-python-e2e",
      "version": "1.0.0",
      "dependencies": {
        "package-lock.json": "^1.0.0"
      }
    },
    "node_modules/package-lock.json": {
      "version": "1.0.0",
      "resolved": "https://registry.npmjs.org/package-lock.json/-/package-lock.json-1.0.0.tgz",
      "integrity": "sha512-+yEXtNdlCs5N0Zy/9uvkifgf/RqnGu0WqP4j9Wu1Us4YReFe1YNBh2Krmf8B1xGxjpYnta63K55QP8bkafnOzA=="
    }
  },
  "dependencies": {
    "package-lock.json": {
      "version": "1.0.0",
      "resolved": "https://registry.npmjs.org/package-lock.json/-/package-lock.json-1.0.0.tgz",
      "integrity": "sha512-+yEXtNdlCs5N0Zy/9uvkifgf/RqnGu0WqP4j9Wu1Us4YReFe1YNBh2Krmf8B1xGxjpYnta63K55QP8bkafnOzA=="
    }
  }
}
